
Microsoft Visual Studio Solution File, Format Version 12.00
# Visual Studio Version 17
VisualStudioVersion = 17.4.33205.214
MinimumVisualStudioVersion = 10.0.40219.1
Project("{9A19103F-16F7-4668-BE54-9A1E7A4F7556}") = "Authentication", "Authentication\Authentication.csproj", "{04BBC1A0-15B8-4655-8A4F-715414000AF8}"
EndProject
Project("{9A19103F-16F7-4668-BE54-9A1E7A4F7556}") = "Announcements", "Announcements\Announcements.csproj", "{EC6E4862-AEEE-4FBD-BD26-9A93A5BF2601}"
EndProject
Project("{9A19103F-16F7-4668-BE54-9A1E7A4F7556}") = "DataAccess", "DataAccess\DataAccess.csproj", "{3B7A3E98-46E8-44D4-AEBA-3F9EB3AAB14F}"
EndProject
Project("{00D1A9C2-B5F0-4AF3-8072-F6C62B433612}") = "AnnouncementsDB", "AnnouncementsDB\AnnouncementsDB.sqlproj", "{3BD0834F-42E1-4212-A7F9-B18B0AC7A849}"
EndProject
Global
	GlobalSection(SolutionConfigurationPlatforms) = preSolution
		Debug|Any CPU = Debug|Any CPU
		Release|Any CPU = Release|Any CPU
	EndGlobalSection
	GlobalSection(ProjectConfigurationPlatforms) = postSolution
		{04BBC1A0-15B8-4655-8A4F-715414000AF8}.Debug|Any CPU.ActiveCfg = Debug|Any CPU
		{04BBC1A0-15B8-4655-8A4F-715414000AF8}.Debug|Any CPU.Build.0 = Debug|Any CPU
		{04BBC1A0-15B8-4655-8A4F-715414000AF8}.Release|Any CPU.ActiveCfg = Release|Any CPU
		{04BBC1A0-15B8-4655-8A4F-715414000AF8}.Release|Any CPU.Build.0 = Release|Any CPU
		{EC6E4862-AEEE-4FBD-BD26-9A93A5BF2601}.Debug|Any CPU.ActiveCfg = Debug|Any CPU
		{EC6E4862-AEEE-4FBD-BD26-9A93A5BF2601}.Debug|Any CPU.Build.0 = Debug|Any CPU
		{EC6E4862-AEEE-4FBD-BD26-9A93A5BF2601}.Release|Any CPU.ActiveCfg = Release|Any CPU
		{EC6E4862-AEEE-4FBD-BD26-9A93A5BF2601}.Release|Any CPU.Build.0 = Release|Any CPU
		{3B7A3E98-46E8-44D4-AEBA-3F9EB3AAB14F}.Debug|Any CPU.ActiveCfg = Debug|Any CPU
		{3B7A3E98-46E8-44D4-AEBA-3F9EB3AAB14F}.Debug|Any CPU.Build.0 = Debug|Any CPU
		{3B7A3E98-46E8-44D4-AEBA-3F9EB3AAB14F}.Release|Any CPU.ActiveCfg = Release|Any CPU
		{3B7A3E98-46E8-44D4-AEBA-3F9EB3AAB14F}.Release|Any CPU.Build.0 = Release|Any CPU
		{3BD0834F-42E1-4212-A7F9-B18B0AC7A849}.Debug|Any CPU.ActiveCfg = Debug|Any CPU
		{3BD0834F-42E1-4212-A7F9-B18B0AC7A849}.Debug|Any CPU.Build.0 = Debug|Any CPU
		{3BD0834F-42E1-4212-A7F9-B18B0AC7A849}.Debug|Any CPU.Deploy.0 = Debug|Any CPU
		{3BD0834F-42E1-4212-A7F9-B18B0AC7A849}.Release|Any CPU.ActiveCfg = Release|Any CPU
		{3BD0834F-42E1-4212-A7F9-B18B0AC7A849}.Release|Any CPU.Build.0 = Release|Any CPU
		{3BD0834F-42E1-4212-A7F9-B18B0AC7A849}.Release|Any CPU.Deploy.0 = Release|Any CPU
	EndGlobalSection
	GlobalSection(SolutionProperties) = preSolution
		HideSolutionNode = FALSE
	EndGlobalSection
	GlobalSection(ExtensibilityGlobals) = postSolution
		SolutionGuid = {26228B34-EEC1-4E34-8BAA-1CE0258D89F8}
	EndGlobalSection
EndGlobal
